// !$*UTF8*$!
{
	archiveVersion = 1;
	classes = {
	};
	objectVersion = 77;
	objects = {

/* Begin PBXBuildFile section */
		A10000000000000000000001 /* SampleVault in Resources */ = {isa = PBXBuildFile; fileRef = A20000000000000000000003 /* SampleVault */; };
		A10000000000000000000002 /* Markdown in Frameworks */ = {isa = PBXBuildFile; productRef = A90000000000000000000002 /* Markdown */; };
/* End PBXBuildFile section */

/* Begin PBXContainerItemProxy section */
		A30000000000000000000001 /* PBXContainerItemProxy */ = {
			isa = PBXContainerItemProxy;
			containerPortal = A40000000000000000000001 /* Project object */;
			proxyType = 1;
			remoteGlobalIDString = A50000000000000000000001;
			remoteInfo = PKMS;
		};
		A30000000000000000000002 /* PBXContainerItemProxy */ = {
			isa = PBXContainerItemProxy;
			containerPortal = A40000000000000000000001 /* Project object */;
			proxyType = 1;
			remoteGlobalIDString = A50000000000000000000001;
			remoteInfo = PKMS;
		};
/* End PBXContainerItemProxy section */

/* Begin PBXFileReference section */
		A20000000000000000000001 /* PKMS.app */ = {isa = PBXFileReference; explicitFileType = wrapper.application; includeInIndex = 0; path = PKMS.app; sourceTree = BUILT_PRODUCTS_DIR; };
		A20000000000000000000002 /* PKMSTests.xctest */ = {isa = PBXFileReference; explicitFileType = wrapper.cfbundle; includeInIndex = 0; path = PKMSTests.xctest; sourceTree = BUILT_PRODUCTS_DIR; };
		A20000000000000000000003 /* SampleVault */ = {isa = PBXFileReference; lastKnownFileType = folder; path = SampleVault; sourceTree = "<group>"; };
		A20000000000000000000004 /* PKMSUITests.xctest */ = {isa = PBXFileReference; explicitFileType = wrapper.cfbundle; includeInIndex = 0; path = PKMSUITests.xctest; sourceTree = BUILT_PRODUCTS_DIR; };
/* End PBXFileReference section */

/* Begin PBXFileSystemSynchronizedRootGroup section */
		A60000000000000000000001 /* PKMS */ = {
			isa = PBXFileSystemSynchronizedRootGroup;
			path = PKMS;
			sourceTree = "<group>";
		};
		A60000000000000000000002 /* PKMSTests */ = {
			isa = PBXFileSystemSynchronizedRootGroup;
			path = PKMSTests;
			sourceTree = "<group>";
		};
		A60000000000000000000003 /* PKMSUITests */ = {
			isa = PBXFileSystemSynchronizedRootGroup;
			path = PKMSUITests;
			sourceTree = "<group>";
		};
/* End PBXFileSystemSynchronizedRootGroup section */

/* Begin PBXFrameworksBuildPhase section */
		A70000000000000000000001 /* Frameworks */ = {
			isa = PBXFrameworksBuildPhase;
			buildActionMask = 2147483647;
			files = (
				A10000000000000000000002 /* Markdown in Frameworks */,
			);
			runOnlyForDeploymentPostprocessing = 0;
		};
		A70000000000000000000002 /* Frameworks */ = {
			isa = PBXFrameworksBuildPhase;
			buildActionMask = 2147483647;
			files = (
			);
			runOnlyForDeploymentPostprocessing = 0;
		};
		A70000000000000000000003 /* Frameworks */ = {
			isa = PBXFrameworksBuildPhase;
			buildActionMask = 2147483647;
			files = (
			);
			runOnlyForDeploymentPostprocessing = 0;
		};
/* End PBXFrameworksBuildPhase section */

/* Begin PBXGroup section */
		A80000000000000000000001 = {
			isa = PBXGroup;
			children = (
				A60000000000000000000001 /* PKMS */,
				A60000000000000000000002 /* PKMSTests */,
				A60000000000000000000003 /* PKMSUITests */,
				A20000000000000000000003 /* SampleVault */,
				A80000000000000000000002 /* Products */,
			);
			sourceTree = "<group>";
		};
		A80000000000000000000002 /* Products */ = {
			isa = PBXGroup;
			children = (
				A20000000000000000000001 /* PKMS.app */,
				A20000000000000000000002 /* PKMSTests.xctest */,
				A20000000000000000000004 /* PKMSUITests.xctest */,
			);
			name = Products;
			sourceTree = "<group>";
		};
/* End PBXGroup section */

/* Begin PBXNativeTarget section */
		A50000000000000000000001 /* PKMS */ = {
			isa = PBXNativeTarget;
			buildConfigurationList = AB0000000000000000000002 /* Build configuration list for PBXNativeTarget "PKMS" */;
			buildPhases = (
				AC0000000000000000000001 /* Sources */,
				A70000000000000000000001 /* Frameworks */,
				AD0000000000000000000001 /* Resources */,
			);
			buildRules = (
			);
			dependencies = (
			);
			fileSystemSynchronizedGroups = (
				A60000000000000000000001 /* PKMS */,
			);
			name = PKMS;
			packageProductDependencies = (
				A90000000000000000000002 /* Markdown */,
			);
			productName = PKMS;
			productReference = A20000000000000000000001 /* PKMS.app */;
			productType = "com.apple.product-type.application";
		};
		A50000000000000000000002 /* PKMSTests */ = {
			isa = PBXNativeTarget;
			buildConfigurationList = AB0000000000000000000003 /* Build configuration list for PBXNativeTarget "PKMSTests" */;
			buildPhases = (
				AC0000000000000000000002 /* Sources */,
				A70000000000000000000002 /* Frameworks */,
				AD0000000000000000000002 /* Resources */,
			);
			buildRules = (
			);
			dependencies = (
				AE0000000000000000000001 /* PBXTargetDependency */,
			);
			fileSystemSynchronizedGroups = (
				A60000000000000000000002 /* PKMSTests */,
			);
			name = PKMSTests;
			productName = PKMSTests;
			productReference = A20000000000000000000002 /* PKMSTests.xctest */;
			productType = "com.apple.product-type.bundle.unit-test";
		};
		A50000000000000000000003 /* PKMSUITests */ = {
			isa = PBXNativeTarget;
			buildConfigurationList = AB0000000000000000000004 /* Build configuration list for PBXNativeTarget "PKMSUITests" */;
			buildPhases = (
				AC0000000000000000000003 /* Sources */,
				A70000000000000000000003 /* Frameworks */,
				AD0000000000000000000003 /* Resources */,
			);
			buildRules = (
			);
			dependencies = (
				AE0000000000000000000002 /* PBXTargetDependency */,
			);
			fileSystemSynchronizedGroups = (
				A60000000000000000000003 /* PKMSUITests */,
			);
			name = PKMSUITests;
			productName = PKMSUITests;
			productReference = A20000000000000000000004 /* PKMSUITests.xctest */;
			productType = "com.apple.product-type.bundle.ui-testing";
		};
/* End PBXNativeTarget section */

/* Begin PBXProject section */
		A40000000000000000000001 /* Project object */ = {
			isa = PBXProject;
			attributes = {
				BuildIndependentTargetsInParallel = 1;
				LastSwiftUpdateCheck = 2610;
				LastUpgradeCheck = 2610;
				TargetAttributes = {
					A50000000000000000000001 = {
						CreatedOnToolsVersion = 26.1;
					};
					A50000000000000000000002 = {
						CreatedOnToolsVersion = 26.1;
						TestTargetID = A50000000000000000000001;
					};
					A50000000000000000000003 = {
						CreatedOnToolsVersion = 26.1;
						TestTargetID = A50000000000000000000001;
					};
				};
			};
			buildConfigurationList = AB0000000000000000000001 /* Build configuration list for PBXProject "PKMS" */;
			developmentRegion = en;
			hasScannedForEncodings = 0;
			knownRegions = (
				en,
				Base,
			);
			mainGroup = A80000000000000000000001;
			minimizedProjectReferenceProxies = 1;
			packageReferences = (
				A90000000000000000000001 /* XCRemoteSwiftPackageReference "swift-markdown" */,
			);
			preferredProjectObjectVersion = 77;
			productRefGroup = A80000000000000000000002 /* Products */;
			projectDirPath = "";
			projectRoot = "";
			targets = (
				A50000000000000000000001 /* PKMS */,
				A50000000000000000000002 /* PKMSTests */,
				A50000000000000000000003 /* PKMSUITests */,
			);
		};
/* End PBXProject section */

/* Begin PBXResourcesBuildPhase section */
		AD0000000000000000000001 /* Resources */ = {
			isa = PBXResourcesBuildPhase;
			buildActionMask = 2147483647;
			files = (
				A10000000000000000000001 /* SampleVault in Resources */,
			);
			runOnlyForDeploymentPostprocessing = 0;
		};
		AD0000000000000000000002 /* Resources */ = {
			isa = PBXResourcesBuildPhase;
			buildActionMask = 2147483647;
			files = (
			);
			runOnlyForDeploymentPostprocessing = 0;
		};
		AD0000000000000000000003 /* Resources */ = {
			isa = PBXResourcesBuildPhase;
			buildActionMask = 2147483647;
			files = (
			);
			runOnlyForDeploymentPostprocessing = 0;
		};
/* End PBXResourcesBuildPhase section */

/* Begin PBXSourcesBuildPhase section */
		AC0000000000000000000001 /* Sources */ = {
			isa = PBXSourcesBuildPhase;
			buildActionMask = 2147483647;
			files = (
			);
			runOnlyForDeploymentPostprocessing = 0;
		};
		AC0000000000000000000002 /* Sources */ = {
			isa = PBXSourcesBuildPhase;
			buildActionMask = 2147483647;
			files = (
			);
			runOnlyForDeploymentPostprocessing = 0;
		};
		AC0000000000000000000003 /* Sources */ = {
			isa = PBXSourcesBuildPhase;
			buildActionMask = 2147483647;
			files = (
			);
			runOnlyForDeploymentPostprocessing = 0;
		};
/* End PBXSourcesBuildPhase section */

/* Begin PBXTargetDependency section */
		AE0000000000000000000001 /* PBXTargetDependency */ = {
			isa = PBXTargetDependency;
			target = A50000000000000000000001 /* PKMS */;
			targetProxy = A30000000000000000000001 /* PBXContainerItemProxy */;
		};
		AE0000000000000000000002 /* PBXTargetDependency */ = {
			isa = PBXTargetDependency;
			target = A50000000000000000000001 /* PKMS */;
			targetProxy = A30000000000000000000002 /* PBXContainerItemProxy */;
		};
/* End PBXTargetDependency section */

/* Begin XCBuildConfiguration section */
		AF0000000000000000000001 /* Debug */ = {
			isa = XCBuildConfiguration;
			buildSettings = {
				ALWAYS_SEARCH_USER_PATHS = NO;
				ASSETCATALOG_COMPILER_GENERATE_SWIFT_ASSET_SYMBOL_EXTENSIONS = YES;
				CLANG_ENABLE_MODULES = YES;
				CLANG_ENABLE_OBJC_ARC = YES;
				COPY_PHASE_STRIP = NO;
				DEBUG_INFORMATION_FORMAT = dwarf;
				ENABLE_STRICT_OBJC_MSGSEND = YES;
				ENABLE_TESTABILITY = YES;
				ENABLE_USER_SCRIPT_SANDBOXING = YES;
				GCC_OPTIMIZATION_LEVEL = 0;
				GCC_PREPROCESSOR_DEFINITIONS = (
					"DEBUG=1",
					"$(inherited)",
				);
				IPHONEOS_DEPLOYMENT_TARGET = 17.0;
				MTL_ENABLE_DEBUG_INFO = INCLUDE_SOURCE;
				ONLY_ACTIVE_ARCH = YES;
				SDKROOT = iphoneos;
				SWIFT_ACTIVE_COMPILATION_CONDITIONS = "DEBUG $(inherited)";
				SWIFT_OPTIMIZATION_LEVEL = "-Onone";
				SWIFT_VERSION = 6.0;
			};
			name = Debug;
		};
		AF0000000000000000000002 /* Release */ = {
			isa = XCBuildConfiguration;
			buildSettings = {
				ALWAYS_SEARCH_USER_PATHS = NO;
				ASSETCATALOG_COMPILER_GENERATE_SWIFT_ASSET_SYMBOL_EXTENSIONS = YES;
				CLANG_ENABLE_MODULES = YES;
				CLANG_ENABLE_OBJC_ARC = YES;
				COPY_PHASE_STRIP = NO;
				DEBUG_INFORMATION_FORMAT = "dwarf-with-dsym";
				ENABLE_NS_ASSERTIONS = NO;
				ENABLE_STRICT_OBJC_MSGSEND = YES;
				ENABLE_USER_SCRIPT_SANDBOXING = YES;
				IPHONEOS_DEPLOYMENT_TARGET = 17.0;
				MTL_ENABLE_DEBUG_INFO = NO;
				SDKROOT = iphoneos;
				SWIFT_COMPILATION_MODE = wholemodule;
				SWIFT_VERSION = 6.0;
				VALIDATE_PRODUCT = YES;
			};
			name = Release;
		};
		AF0000000000000000000003 /* Debug */ = {
			isa = XCBuildConfiguration;
			buildSettings = {
				ASSETCATALOG_COMPILER_APPICON_NAME = AppIcon;
				ASSETCATALOG_COMPILER_GLOBAL_ACCENT_COLOR_NAME = AccentColor;
				CODE_SIGN_STYLE = Automatic;
				CURRENT_PROJECT_VERSION = 1;
				DEVELOPMENT_TEAM = B42SPPS3PR;
				ENABLE_PREVIEWS = YES;
				GENERATE_INFOPLIST_FILE = YES;
				INFOPLIST_KEY_CFBundleDisplayName = Vault;
				INFOPLIST_KEY_UIApplicationSceneManifest_Generation = YES;
				INFOPLIST_KEY_UIApplicationSupportsIndirectInputEvents = YES;
				INFOPLIST_KEY_UILaunchScreen_Generation = YES;
				INFOPLIST_KEY_UISupportedInterfaceOrientations_iPad = "UIInterfaceOrientationPortrait UIInterfaceOrientationPortraitUpsideDown UIInterfaceOrientationLandscapeLeft UIInterfaceOrientationLandscapeRight";
				INFOPLIST_KEY_UISupportedInterfaceOrientations_iPhone = "UIInterfaceOrientationPortrait UIInterfaceOrientationLandscapeLeft UIInterfaceOrientationLandscapeRight";
				LD_RUNPATH_SEARCH_PATHS = (
					"$(inherited)",
					"@executable_path/Frameworks",
				);
				MARKETING_VERSION = 0.1;
				PRODUCT_BUNDLE_IDENTIFIER = com.lkh0310kr.pkms;
				PRODUCT_NAME = "$(TARGET_NAME)";
				SWIFT_EMIT_LOC_STRINGS = YES;
				TARGETED_DEVICE_FAMILY = "1,2";
			};
			name = Debug;
		};
		AF0000000000000000000004 /* Release */ = {
			isa = XCBuildConfiguration;
			buildSettings = {
				ASSETCATALOG_COMPILER_APPICON_NAME = AppIcon;
				ASSETCATALOG_COMPILER_GLOBAL_ACCENT_COLOR_NAME = AccentColor;
				CODE_SIGN_STYLE = Automatic;
				CURRENT_PROJECT_VERSION = 1;
				DEVELOPMENT_TEAM = B42SPPS3PR;
				ENABLE_PREVIEWS = YES;
				GENERATE_INFOPLIST_FILE = YES;
				INFOPLIST_KEY_CFBundleDisplayName = Vault;
				INFOPLIST_KEY_UIApplicationSceneManifest_Generation = YES;
				INFOPLIST_KEY_UIApplicationSupportsIndirectInputEvents = YES;
				INFOPLIST_KEY_UILaunchScreen_Generation = YES;
				INFOPLIST_KEY_UISupportedInterfaceOrientations_iPad = "UIInterfaceOrientationPortrait UIInterfaceOrientationPortraitUpsideDown UIInterfaceOrientationLandscapeLeft UIInterfaceOrientationLandscapeRight";
				INFOPLIST_KEY_UISupportedInterfaceOrientations_iPhone = "UIInterfaceOrientationPortrait UIInterfaceOrientationLandscapeLeft UIInterfaceOrientationLandscapeRight";
				LD_RUNPATH_SEARCH_PATHS = (
					"$(inherited)",
					"@executable_path/Frameworks",
				);
				MARKETING_VERSION = 0.1;
				PRODUCT_BUNDLE_IDENTIFIER = com.lkh0310kr.pkms;
				PRODUCT_NAME = "$(TARGET_NAME)";
				SWIFT_EMIT_LOC_STRINGS = YES;
				TARGETED_DEVICE_FAMILY = "1,2";
			};
			name = Release;
		};
		AF0000000000000000000005 /* Debug */ = {
			isa = XCBuildConfiguration;
			buildSettings = {
				BUNDLE_LOADER = "$(TEST_HOST)";
				CODE_SIGN_STYLE = Automatic;
				CURRENT_PROJECT_VERSION = 1;
				DEVELOPMENT_TEAM = B42SPPS3PR;
				GENERATE_INFOPLIST_FILE = YES;
				MARKETING_VERSION = 0.1;
				PRODUCT_BUNDLE_IDENTIFIER = com.lkh0310kr.pkms.tests;
				PRODUCT_NAME = "$(TARGET_NAME)";
				TARGETED_DEVICE_FAMILY = "1,2";
				TEST_HOST = "$(BUILT_PRODUCTS_DIR)/PKMS.app/$(BUNDLE_EXECUTABLE_FOLDER_PATH)/PKMS";
			};
			name = Debug;
		};
		AF0000000000000000000006 /* Release */ = {
			isa = XCBuildConfiguration;
			buildSettings = {
				BUNDLE_LOADER = "$(TEST_HOST)";
				CODE_SIGN_STYLE = Automatic;
				CURRENT_PROJECT_VERSION = 1;
				DEVELOPMENT_TEAM = B42SPPS3PR;
				GENERATE_INFOPLIST_FILE = YES;
				MARKETING_VERSION = 0.1;
				PRODUCT_BUNDLE_IDENTIFIER = com.lkh0310kr.pkms.tests;
				PRODUCT_NAME = "$(TARGET_NAME)";
				TARGETED_DEVICE_FAMILY = "1,2";
				TEST_HOST = "$(BUILT_PRODUCTS_DIR)/PKMS.app/$(BUNDLE_EXECUTABLE_FOLDER_PATH)/PKMS";
			};
			name = Release;
		};
		AF0000000000000000000007 /* Debug */ = {
			isa = XCBuildConfiguration;
			buildSettings = {
				CODE_SIGN_STYLE = Automatic;
				CURRENT_PROJECT_VERSION = 1;
				DEVELOPMENT_TEAM = B42SPPS3PR;
				GENERATE_INFOPLIST_FILE = YES;
				MARKETING_VERSION = 0.1;
				PRODUCT_BUNDLE_IDENTIFIER = com.lkh0310kr.pkms.uitests;
				PRODUCT_NAME = "$(TARGET_NAME)";
				TARGETED_DEVICE_FAMILY = "1,2";
				TEST_TARGET_NAME = PKMS;
			};
			name = Debug;
		};
		AF0000000000000000000008 /* Release */ = {
			isa = XCBuildConfiguration;
			buildSettings = {
				CODE_SIGN_STYLE = Automatic;
				CURRENT_PROJECT_VERSION = 1;
				DEVELOPMENT_TEAM = B42SPPS3PR;
				GENERATE_INFOPLIST_FILE = YES;
				MARKETING_VERSION = 0.1;
				PRODUCT_BUNDLE_IDENTIFIER = com.lkh0310kr.pkms.uitests;
				PRODUCT_NAME = "$(TARGET_NAME)";
				TARGETED_DEVICE_FAMILY = "1,2";
				TEST_TARGET_NAME = PKMS;
			};
			name = Release;
		};
/* End XCBuildConfiguration section */

/* Begin XCConfigurationList section */
		AB0000000000000000000001 /* Build configuration list for PBXProject "PKMS" */ = {
			isa = XCConfigurationList;
			buildConfigurations = (
				AF0000000000000000000001 /* Debug */,
				AF0000000000000000000002 /* Release */,
			);
			defaultConfigurationIsVisible = 0;
			defaultConfigurationName = Release;
		};
		AB0000000000000000000002 /* Build configuration list for PBXNativeTarget "PKMS" */ = {
			isa = XCConfigurationList;
			buildConfigurations = (
				AF0000000000000000000003 /* Debug */,
				AF0000000000000000000004 /* Release */,
			);
			defaultConfigurationIsVisible = 0;
			defaultConfigurationName = Release;
		};
		AB0000000000000000000003 /* Build configuration list for PBXNativeTarget "PKMSTests" */ = {
			isa = XCConfigurationList;
			buildConfigurations = (
				AF0000000000000000000005 /* Debug */,
				AF0000000000000000000006 /* Release */,
			);
			defaultConfigurationIsVisible = 0;
			defaultConfigurationName = Release;
		};
		AB0000000000000000000004 /* Build configuration list for PBXNativeTarget "PKMSUITests" */ = {
			isa = XCConfigurationList;
			buildConfigurations = (
				AF0000000000000000000007 /* Debug */,
				AF0000000000000000000008 /* Release */,
			);
			defaultConfigurationIsVisible = 0;
			defaultConfigurationName = Release;
		};
/* End XCConfigurationList section */

/* Begin XCRemoteSwiftPackageReference section */
		A90000000000000000000001 /* XCRemoteSwiftPackageReference "swift-markdown" */ = {
			isa = XCRemoteSwiftPackageReference;
			repositoryURL = "https://github.com/swiftlang/swift-markdown.git";
			requirement = {
				kind = upToNextMinorVersion;
				minimumVersion = 0.9.0;
			};
		};
/* End XCRemoteSwiftPackageReference section */

/* Begin XCSwiftPackageProductDependency section */
		A90000000000000000000002 /* Markdown */ = {
			isa = XCSwiftPackageProductDependency;
			package = A90000000000000000000001 /* XCRemoteSwiftPackageReference "swift-markdown" */;
			productName = Markdown;
		};
/* End XCSwiftPackageProductDependency section */
	};
	rootObject = A40000000000000000000001 /* Project object */;
}
